<?xml version="1.0" encoding="utf-8"?>
<Project ToolsVersion="4.0" xmlns="http://schemas.microsoft.com/developer/msbuild/2003">
  <ItemGroup>
    <Filter Include="Source Files">
      <UniqueIdentifier>{4FC737F1-C7A5-4376-A066-2A32D752A2FF}</UniqueIdentifier>
    </Filter>
    <Filter Include="Header Files">
      <UniqueIdentifier>{93995380-89BD-4b04-88EB-625FBE52EBFB}</UniqueIdentifier>
    </Filter>
  </ItemGroup>
  <ItemGroup>
    <ClCompile Include="src\animation\AnimationController.cpp">
      <Filter>Source Files</Filter>
    </ClCompile>
    <ClCompile Include="src\Element.cpp">
      <Filter>Source Files</Filter>
    </ClCompile>
    <ClCompile Include="src\FocusManager.cpp">
      <Filter>Source Files</Filter>
    </ClCompile>
    <ClCompile Include="src\MultiChildElement.cpp">
      <Filter>Source Files</Filter>
    </ClCompile>
    <ClCompile Include="src\pch.cpp">
      <Filter>Source Files</Filter>
    </ClCompile>
    <ClCompile Include="src\scroll\ScrollModel.cpp">
      <Filter>Source Files</Filter>
    </ClCompile>
    <ClCompile Include="src\SingleChildElement.cpp">
      <Filter>Source Files</Filter>
    </ClCompile>
    <ClCompile Include="src\text\TextEditingModel.cpp">
      <Filter>Source Files</Filter>
    </ClCompile>
    <ClCompile Include="src\TinyUI.cpp">
      <Filter>Source Files</Filter>
    </ClCompile>
    <ClCompile Include="src\UIBuilder.cpp">
      <Filter>Source Files</Filter>
    </ClCompile>
    <ClCompile Include="src\UIRoot.cpp">
      <Filter>Source Files</Filter>
    </ClCompile>
    <ClCompile Include="src\visual\FocusRing.cpp">
      <Filter>Source Files</Filter>
    </ClCompile>
    <ClCompile Include="src\widgets\Box.cpp">
      <Filter>Source Files</Filter>
    </ClCompile>
    <ClCompile Include="src\widgets\Button.cpp">
      <Filter>Source Files</Filter>
    </ClCompile>
    <ClCompile Include="src\widgets\Column.cpp">
      <Filter>Source Files</Filter>
    </ClCompile>
    <ClCompile Include="src\widgets\ConstrainedBox.cpp">
      <Filter>Source Files</Filter>
    </ClCompile>
    <ClCompile Include="src\widgets\Flexible.cpp">
      <Filter>Source Files</Filter>
    </ClCompile>
    <ClCompile Include="src\widgets\ImageView.cpp">
      <Filter>Source Files</Filter>
    </ClCompile>
    <ClCompile Include="src\widgets\ImageViewer.cpp">
      <Filter>Source Files</Filter>
    </ClCompile>
    <ClCompile Include="src\widgets\Padding.cpp">
      <Filter>Source Files</Filter>
    </ClCompile>
    <ClCompile Include="src\widgets\Row.cpp">
      <Filter>Source Files</Filter>
    </ClCompile>
    <ClCompile Include="src\widgets\ScrollView.cpp">
      <Filter>Source Files</Filter>
    </ClCompile>
    <ClCompile Include="src\widgets\SizedBox.cpp">
      <Filter>Source Files</Filter>
    </ClCompile>
    <ClCompile Include="src\widgets\Text.cpp">
      <Filter>Source Files</Filter>
    </ClCompile>
    <ClCompile Include="src\widgets\TextBox.cpp">
      <Filter>Source Files</Filter>
    </ClCompile>
    <ClCompile Include="src\widgets\TitleBar.cpp">
      <Filter>Source Files</Filter>
    </ClCompile>
    <ClCompile Include="src\widgets\Stack.cpp" />
    <ClCompile Include="src\widgets\Align.cpp" />
    <ClCompile Include="src\widgets\Positioned.cpp" />
    <ClCompile Include="src\widgets\ClipRect.cpp" />
    <ClCompile Include="src\widgets\IgnorePointer.cpp" />
    <ClCompile Include="src\widgets\AbsorbPointer.cpp" />
    <ClCompile Include="src\widgets\Opacity.cpp" />
  </ItemGroup>
  <ItemGroup>
    <ClInclude Include="include\tiny\TinyUI.h">
      <Filter>Header Files</Filter>
    </ClInclude>
    <ClInclude Include="include\tiny\ui\animation\AnimationController.h">
      <Filter>Header Files</Filter>
    </ClInclude>
    <ClInclude Include="include\tiny\ui\animation\Easing.h">
      <Filter>Header Files</Filter>
    </ClInclude>
    <ClInclude Include="include\tiny\ui\Element.h">
      <Filter>Header Files</Filter>
    </ClInclude>
    <ClInclude Include="include\tiny\ui\focus\FocusReason.h">
      <Filter>Header Files</Filter>
    </ClInclude>
    <ClInclude Include="include\tiny\ui\FocusManager.h">
      <Filter>Header Files</Filter>
    </ClInclude>
    <ClInclude Include="include\tiny\ui\Key.h">
      <Filter>Header Files</Filter>
    </ClInclude>
    <ClInclude Include="include\tiny\ui\layout\Alignment.h">
      <Filter>Header Files</Filter>
    </ClInclude>
    <ClInclude Include="include\tiny\ui\layout\Constraints.h">
      <Filter>Header Files</Filter>
    </ClInclude>
    <ClInclude Include="include\tiny\ui\LayoutContext.h">
      <Filter>Header Files</Filter>
    </ClInclude>
    <ClInclude Include="include\tiny\ui\MultiChildElement.h">
      <Filter>Header Files</Filter>
    </ClInclude>
    <ClInclude Include="include\tiny\ui\scroll\ScrollModel.h">
      <Filter>Header Files</Filter>
    </ClInclude>
    <ClInclude Include="include\tiny\ui\SingleChildElement.h">
      <Filter>Header Files</Filter>
    </ClInclude>
    <ClInclude Include="include\tiny\ui\text\TextEditingModel.h">
      <Filter>Header Files</Filter>
    </ClInclude>
    <ClInclude Include="include\tiny\ui\text\TextSelection.h">
      <Filter>Header Files</Filter>
    </ClInclude>
    <ClInclude Include="include\tiny\ui\UIBuilder.h">
      <Filter>Header Files</Filter>
    </ClInclude>
    <ClInclude Include="include\tiny\ui\UIRoot.h">
      <Filter>Header Files</Filter>
    </ClInclude>
    <ClInclude Include="include\tiny\ui\visual\FocusRing.h">
      <Filter>Header Files</Filter>
    </ClInclude>
    <ClInclude Include="include\tiny\ui\Widget.h">
      <Filter>Header Files</Filter>
    </ClInclude>
    <ClInclude Include="include\tiny\ui\widgets\Box.h">
      <Filter>Header Files</Filter>
    </ClInclude>
    <ClInclude Include="include\tiny\ui\widgets\Button.h">
      <Filter>Header Files</Filter>
    </ClInclude>
    <ClInclude Include="include\tiny\ui\widgets\Column.h">
      <Filter>Header Files</Filter>
    </ClInclude>
    <ClInclude Include="include\tiny\ui\widgets\ConstrainedBox.h">
      <Filter>Header Files</Filter>
    </ClInclude>
    <ClInclude Include="include\tiny\ui\widgets\Flexible.h">
      <Filter>Header Files</Filter>
    </ClInclude>
    <ClInclude Include="include\tiny\ui\widgets\ImageView.h">
      <Filter>Header Files</Filter>
    </ClInclude>
    <ClInclude Include="include\tiny\ui\widgets\ImageViewer.h">
      <Filter>Header Files</Filter>
    </ClInclude>
    <ClInclude Include="include\tiny\ui\widgets\Padding.h">
      <Filter>Header Files</Filter>
    </ClInclude>
    <ClInclude Include="include\tiny\ui\widgets\Row.h">
      <Filter>Header Files</Filter>
    </ClInclude>
    <ClInclude Include="include\tiny\ui\widgets\ScrollView.h">
      <Filter>Header Files</Filter>
    </ClInclude>
    <ClInclude Include="include\tiny\ui\widgets\SizedBox.h">
      <Filter>Header Files</Filter>
    </ClInclude>
    <ClInclude Include="include\tiny\ui\widgets\Text.h">
      <Filter>Header Files</Filter>
    </ClInclude>
    <ClInclude Include="include\tiny\ui\widgets\TextBox.h">
      <Filter>Header Files</Filter>
    </ClInclude>
    <ClInclude Include="include\tiny\ui\widgets\TitleBar.h">
      <Filter>Header Files</Filter>
    </ClInclude>
    <ClInclude Include="src\pch.h">
      <Filter>Header Files</Filter>
    </ClInclude>
    <ClInclude Include="include\tiny\ui\widgets\Stack.h" />
    <ClInclude Include="include\tiny\ui\widgets\Align.h" />
    <ClInclude Include="include\tiny\ui\UI.h" />
    <ClInclude Include="include\tiny\ui\widgets\Positioned.h" />
    <ClInclude Include="include\tiny\ui\widgets\ClipRect.h" />
    <ClInclude Include="include\tiny\ui\widgets\IgnorePointer.h" />
    <ClInclude Include="include\tiny\ui\widgets\AbsorbPointer.h" />
    <ClInclude Include="include\tiny\ui\widgets\Opacity.h" />
  </ItemGroup>
</Project>